// !$*UTF8*$!
{
	archiveVersion = 1;
	classes = {
	};
	objectVersion = 46;
	objects = {

/* Begin PBXBuildFile section */
		D25D34AB1CC28297008F922E /* main.m in Sources */ = {isa = PBXBuildFile; fileRef = D25D34AA1CC28297008F922E /* main.m */; };
		D25D34AE1CC28297008F922E /* AppDelegate.m in Sources */ = {isa = PBXBuildFile; fileRef = D25D34AD1CC28297008F922E /* AppDelegate.m */; };
		D25D34B41CC28297008F922E /* Main.storyboard in Resources */ = {isa = PBXBuildFile; fileRef = D25D34B21CC28297008F922E /* Main.storyboard */; };
		D25D34B61CC28298008F922E /* Assets.xcassets in Resources */ = {isa = PBXBuildFile; fileRef = D25D34B51CC28297008F922E /* Assets.xcassets */; };
		D25D34B91CC28298008F922E /* LaunchScreen.storyboard in Resources */ = {isa = PBXBuildFile; fileRef = D25D34B71CC28298008F922E /* LaunchScreen.storyboard */; };
		D25D34C41CC28298008F922E /* MovieListMCVTests.m in Sources */ = {isa = PBXBuildFile; fileRef = D25D34C31CC28298008F922E /* MovieListMCVTests.m */; };
		D25D34CF1CC28298008F922E /* MovieListMCVUITests.m in Sources */ = {isa = PBXBuildFile; fileRef = D25D34CE1CC28298008F922E /* MovieListMCVUITests.m */; };
		D25D34DE1CC28E84008F922E /* AddItemTableViewController.m in Sources */ = {isa = PBXBuildFile; fileRef = D25D34DD1CC28E84008F922E /* AddItemTableViewController.m */; };
		D25D34E11CC2A8F0008F922E /* ItemListTableViewController.m in Sources */ = {isa = PBXBuildFile; fileRef = D25D34E01CC2A8F0008F922E /* ItemListTableViewController.m */; };
		D25D34E41CC2C3DA008F922E /* ItemDetailTableViewController.m in Sources */ = {isa = PBXBuildFile; fileRef = D25D34E31CC2C3DA008F922E /* ItemDetailTableViewController.m */; };
		D25D34E71CC2C5CC008F922E /* Item.m in Sources */ = {isa = PBXBuildFile; fileRef = D25D34E61CC2C5CC008F922E /* Item.m */; };
		D25D34EA1CC2C874008F922E /* Book.m in Sources */ = {isa = PBXBuildFile; fileRef = D25D34E91CC2C874008F922E /* Book.m */; };
		D25D34ED1CC2CACC008F922E /* Series.m in Sources */ = {isa = PBXBuildFile; fileRef = D25D34EC1CC2CACC008F922E /* Series.m */; };
		D25D34F01CC2CB56008F922E /* Movie.m in Sources */ = {isa = PBXBuildFile; fileRef = D25D34EF1CC2CB56008F922E /* Movie.m */; };
		D25D34F81CC2CE2D008F922E /* Library.m in Sources */ = {isa = PBXBuildFile; fileRef = D25D34F71CC2CE2D008F922E /* Library.m */; };
/* End PBXBuildFile section */

/* Begin PBXContainerItemProxy section */
		D25D34C01CC28298008F922E /* PBXContainerItemProxy */ = {
			isa = PBXContainerItemProxy;
			containerPortal = D25D349E1CC28296008F922E /* Project object */;
			proxyType = 1;
			remoteGlobalIDString = D25D34A51CC28296008F922E;
			remoteInfo = MovieListMCV;
		};
		D25D34CB1CC28298008F922E /* PBXContainerItemProxy */ = {
			isa = PBXContainerItemProxy;
			containerPortal = D25D349E1CC28296008F922E /* Project object */;
			proxyType = 1;
			remoteGlobalIDString = D25D34A51CC28296008F922E;
			remoteInfo = MovieListMCV;
		};
/* End PBXContainerItemProxy section */

/* Begin PBXFileReference section */
		D25D34A61CC28296008F922E /* MovieListMCV.app */ = {isa = PBXFileReference; explicitFileType = wrapper.application; includeInIndex = 0; path = MovieListMCV.app; sourceTree = BUILT_PRODUCTS_DIR; };
		D25D34AA1CC28297008F922E /* main.m */ = {isa = PBXFileReference; lastKnownFileType = sourcecode.c.objc; path = main.m; sourceTree = "<group>"; };
		D25D34AC1CC28297008F922E /* AppDelegate.h */ = {isa = PBXFileReference; lastKnownFileType = sourcecode.c.h; path = AppDelegate.h; sourceTree = "<group>"; };
		D25D34AD1CC28297008F922E /* AppDelegate.m */ = {isa = PBXFileReference; lastKnownFileType = sourcecode.c.objc; path = AppDelegate.m; sourceTree = "<group>"; };
		D25D34B31CC28297008F922E /* Base */ = {isa = PBXFileReference; lastKnownFileType = file.storyboard; name = Base; path = Base.lproj/Main.storyboard; sourceTree = "<group>"; };
		D25D34B51CC28297008F922E /* Assets.xcassets */ = {isa = PBXFileReference; lastKnownFileType = folder.assetcatalog; path = Assets.xcassets; sourceTree = "<group>"; };
		D25D34B81CC28298008F922E /* Base */ = {isa = PBXFileReference; lastKnownFileType = file.storyboard; name = Base; path = Base.lproj/LaunchScreen.storyboard; sourceTree = "<group>"; };
		D25D34BA1CC28298008F922E /* Info.plist */ = {isa = PBXFileReference; lastKnownFileType = text.plist.xml; path = Info.plist; sourceTree = "<group>"; };
		D25D34BF1CC28298008F922E /* MovieListMCVTests.xctest */ = {isa = PBXFileReference; explicitFileType = wrapper.cfbundle; includeInIndex = 0; path = MovieListMCVTests.xctest; sourceTree = BUILT_PRODUCTS_DIR; };
		D25D34C31CC28298008F922E /* MovieListMCVTests.m */ = {isa = PBXFileReference; lastKnownFileType = sourcecode.c.objc; path = MovieListMCVTests.m; sourceTree = "<group>"; };
		D25D34C51CC28298008F922E /* Info.plist */ = {isa = PBXFileReference; lastKnownFileType = text.plist.xml; path = Info.plist; sourceTree = "<group>"; };
		D25D34CA1CC28298008F922E /* MovieListMCVUITests.xctest */ = {isa = PBXFileReference; explicitFileType = wrapper.cfbundle; includeInIndex = 0; path = MovieListMCVUITests.xctest; sourceTree = BUILT_PRODUCTS_DIR; };
		D25D34CE1CC28298008F922E /* MovieListMCVUITests.m */ = {isa = PBXFileReference; lastKnownFileType = sourcecode.c.objc; path = MovieListMCVUITests.m; sourceTree = "<group>"; };
		D25D34D01CC28298008F922E /* Info.plist */ = {isa = PBXFileReference; lastKnownFileType = text.plist.xml; path = Info.plist; sourceTree = "<group>"; };
		D25D34DC1CC28E84008F922E /* AddItemTableViewController.h */ = {isa = PBXFileReference; fileEncoding = 4; lastKnownFileType = sourcecode.c.h; path = AddItemTableViewController.h; sourceTree = "<group>"; };
		D25D34DD1CC28E84008F922E /* AddItemTableViewController.m */ = {isa = PBXFileReference; fileEncoding = 4; lastKnownFileType = sourcecode.c.objc; path = AddItemTableViewController.m; sourceTree = "<group>"; };
		D25D34DF1CC2A8F0008F922E /* ItemListTableViewController.h */ = {isa = PBXFileReference; fileEncoding = 4; lastKnownFileType = sourcecode.c.h; name = ItemListTableViewController.h; path = ../ItemListTableViewController.h; sourceTree = "<group>"; };
		D25D34E01CC2A8F0008F922E /* ItemListTableViewController.m */ = {isa = PBXFileReference; fileEncoding = 4; lastKnownFileType = sourcecode.c.objc; name = ItemListTableViewController.m; path = ../ItemListTableViewController.m; sourceTree = "<group>"; };
		D25D34E21CC2C3DA008F922E /* ItemDetailTableViewController.h */ = {isa = PBXFileReference; fileEncoding = 4; lastKnownFileType = sourcecode.c.h; path = ItemDetailTableViewController.h; sourceTree = "<group>"; };
		D25D34E31CC2C3DA008F922E /* ItemDetailTableViewController.m */ = {isa = PBXFileReference; fileEncoding = 4; lastKnownFileType = sourcecode.c.objc; path = ItemDetailTableViewController.m; sourceTree = "<group>"; };
		D25D34E51CC2C5CC008F922E /* Item.h */ = {isa = PBXFileReference; fileEncoding = 4; lastKnownFileType = sourcecode.c.h; path = Item.h; sourceTree = "<group>"; };
		D25D34E61CC2C5CC008F922E /* Item.m */ = {isa = PBXFileReference; fileEncoding = 4; lastKnownFileType = sourcecode.c.objc; path = Item.m; sourceTree = "<group>"; };
		D25D34E81CC2C874008F922E /* Book.h */ = {isa = PBXFileReference; fileEncoding = 4; lastKnownFileType = sourcecode.c.h; path = Book.h; sourceTree = "<group>"; };
		D25D34E91CC2C874008F922E /* Book.m */ = {isa = PBXFileReference; fileEncoding = 4; lastKnownFileType = sourcecode.c.objc; path = Book.m; sourceTree = "<group>"; };
		D25D34EB1CC2CACC008F922E /* Series.h */ = {isa = PBXFileReference; fileEncoding = 4; lastKnownFileType = sourcecode.c.h; path = Series.h; sourceTree = "<group>"; };
		D25D34EC1CC2CACC008F922E /* Series.m */ = {isa = PBXFileReference; fileEncoding = 4; lastKnownFileType = sourcecode.c.objc; path = Series.m; sourceTree = "<group>"; };
		D25D34EE1CC2CB56008F922E /* Movie.h */ = {isa = PBXFileReference; fileEncoding = 4; lastKnownFileType = sourcecode.c.h; path = Movie.h; sourceTree = "<group>"; };
		D25D34EF1CC2CB56008F922E /* Movie.m */ = {isa = PBXFileReference; fileEncoding = 4; lastKnownFileType = sourcecode.c.objc; path = Movie.m; sourceTree = "<group>"; };
		D25D34F61CC2CE2D008F922E /* Library.h */ = {isa = PBXFileReference; fileEncoding = 4; lastKnownFileType = sourcecode.c.h; path = Library.h; sourceTree = "<group>"; };
		D25D34F71CC2CE2D008F922E /* Library.m */ = {isa = PBXFileReference; fileEncoding = 4; lastKnownFileType = sourcecode.c.objc; path = Library.m; sourceTree = "<group>"; };
/* End PBXFileReference section */

/* Begin PBXFrameworksBuildPhase section */
		D25D34A31CC28296008F922E /* Frameworks */ = {
			isa = PBXFrameworksBuildPhase;
			buildActionMask = 2147483647;
			files = (
			);
			runOnlyForDeploymentPostprocessing = 0;
		};
		D25D34BC1CC28298008F922E /* Frameworks */ = {
			isa = PBXFrameworksBuildPhase;
			buildActionMask = 2147483647;
			files = (
			);
			runOnlyForDeploymentPostprocessing = 0;
		};
		D25D34C71CC28298008F922E /* Frameworks */ = {
			isa = PBXFrameworksBuildPhase;
			buildActionMask = 2147483647;
			files = (
			);
			runOnlyForDeploymentPostprocessing = 0;
		};
/* End PBXFrameworksBuildPhase section */

/* Begin PBXGroup section */
		D25D349D1CC28296008F922E = {
			isa = PBXGroup;
			children = (
				D25D34A81CC28297008F922E /* MovieListMCV */,
				D25D34C21CC28298008F922E /* MovieListMCVTests */,
				D25D34CD1CC28298008F922E /* MovieListMCVUITests */,
				D25D34A71CC28296008F922E /* Products */,
			);
			sourceTree = "<group>";
		};
		D25D34A71CC28296008F922E /* Products */ = {
			isa = PBXGroup;
			children = (
				D25D34A61CC28296008F922E /* MovieListMCV.app */,
				D25D34BF1CC28298008F922E /* MovieListMCVTests.xctest */,
				D25D34CA1CC28298008F922E /* MovieListMCVUITests.xctest */,
			);
			name = Products;
			sourceTree = "<group>";
		};
		D25D34A81CC28297008F922E /* MovieListMCV */ = {
			isa = PBXGroup;
			children = (
				D25D34F51CC2CD8E008F922E /* Model */,
				D25D34F31CC2CD41008F922E /* Controllers */,
				D25D34F41CC2CD6D008F922E /* View */,
				D25D34A91CC28297008F922E /* Supporting Files */,
			);
			path = MovieListMCV;
			sourceTree = "<group>";
		};
		D25D34A91CC28297008F922E /* Supporting Files */ = {
			isa = PBXGroup;
			children = (
				D25D34B51CC28297008F922E /* Assets.xcassets */,
				D25D34AC1CC28297008F922E /* AppDelegate.h */,
				D25D34B71CC28298008F922E /* LaunchScreen.storyboard */,
				D25D34BA1CC28298008F922E /* Info.plist */,
				D25D34AD1CC28297008F922E /* AppDelegate.m */,
				D25D34AA1CC28297008F922E /* main.m */,
			);
			name = "Supporting Files";
			sourceTree = "<group>";
		};
		D25D34C21CC28298008F922E /* MovieListMCVTests */ = {
			isa = PBXGroup;
			children = (
				D25D34C31CC28298008F922E /* MovieListMCVTests.m */,
				D25D34C51CC28298008F922E /* Info.plist */,
			);
			path = MovieListMCVTests;
			sourceTree = "<group>";
		};
		D25D34CD1CC28298008F922E /* MovieListMCVUITests */ = {
			isa = PBXGroup;
			children = (
				D25D34CE1CC28298008F922E /* MovieListMCVUITests.m */,
				D25D34D01CC28298008F922E /* Info.plist */,
			);
			path = MovieListMCVUITests;
			sourceTree = "<group>";
		};
		D25D34F11CC2CC01008F922E /* Subclasses */ = {
			isa = PBXGroup;
			children = (
				D25D34E81CC2C874008F922E /* Book.h */,
				D25D34E91CC2C874008F922E /* Book.m */,
				D25D34EB1CC2CACC008F922E /* Series.h */,
				D25D34EC1CC2CACC008F922E /* Series.m */,
				D25D34EE1CC2CB56008F922E /* Movie.h */,
				D25D34EF1CC2CB56008F922E /* Movie.m */,
			);
			name = Subclasses;
			sourceTree = "<group>";
		};
		D25D34F31CC2CD41008F922E /* Controllers */ = {
			isa = PBXGroup;
			children = (
				D25D34E21CC2C3DA008F922E /* ItemDetailTableViewController.h */,
				D25D34E31CC2C3DA008F922E /* ItemDetailTableViewController.m */,
				D25D34DF1CC2A8F0008F922E /* ItemListTableViewController.h */,
				D25D34E01CC2A8F0008F922E /* ItemListTableViewController.m */,
				D25D34DC1CC28E84008F922E /* AddItemTableViewController.h */,
				D25D34DD1CC28E84008F922E /* AddItemTableViewController.m */,
			);
			name = Controllers;
			sourceTree = "<group>";
		};
		D25D34F41CC2CD6D008F922E /* View */ = {
			isa = PBXGroup;
			children = (
				D25D34B21CC28297008F922E /* Main.storyboard */,
			);
			name = View;
			sourceTree = "<group>";
		};
		D25D34F51CC2CD8E008F922E /* Model */ = {
			isa = PBXGroup;
			children = (
				D25D34F11CC2CC01008F922E /* Subclasses */,
				D25D34E51CC2C5CC008F922E /* Item.h */,
				D25D34E61CC2C5CC008F922E /* Item.m */,
				D25D34F61CC2CE2D008F922E /* Library.h */,
				D25D34F71CC2CE2D008F922E /* Library.m */,
			);
			name = Model;
			sourceTree = "<group>";
		};
/* End PBXGroup section */

/* Begin PBXNativeTarget section */
		D25D34A51CC28296008F922E /* MovieListMCV */ = {
			isa = PBXNativeTarget;
			buildConfigurationList = D25D34D31CC28298008F922E /* Build configuration list for PBXNativeTarget "MovieListMCV" */;
			buildPhases = (
				D25D34A21CC28296008F922E /* Sources */,
				D25D34A31CC28296008F922E /* Frameworks */,
				D25D34A41CC28296008F922E /* Resources */,
			);
			buildRules = (
			);
			dependencies = (
			);
			name = MovieListMCV;
			productName = MovieListMCV;
			productReference = D25D34A61CC28296008F922E /* MovieListMCV.app */;
			productType = "com.apple.product-type.application";
		};
		D25D34BE1CC28298008F922E /* MovieListMCVTests */ = {
			isa = PBXNativeTarget;
			buildConfigurationList = D25D34D61CC28298008F922E /* Build configuration list for PBXNativeTarget "MovieListMCVTests" */;
			buildPhases = (
				D25D34BB1CC28298008F922E /* Sources */,
				D25D34BC1CC28298008F922E /* Frameworks */,
				D25D34BD1CC28298008F922E /* Resources */,
			);
			buildRules = (
			);
			dependencies = (
				D25D34C11CC28298008F922E /* PBXTargetDependency */,
			);
			name = MovieListMCVTests;
			productName = MovieListMCVTests;
			productReference = D25D34BF1CC28298008F922E /* MovieListMCVTests.xctest */;
			productType = "com.apple.product-type.bundle.unit-test";
		};
		D25D34C91CC28298008F922E /* MovieListMCVUITests */ = {
			isa = PBXNativeTarget;
			buildConfigurationList = D25D34D91CC28298008F922E /* Build configuration list for PBXNativeTarget "MovieListMCVUITests" */;
			buildPhases = (
				D25D34C61CC28298008F922E /* Sources */,
				D25D34C71CC28298008F922E /* Frameworks */,
				D25D34C81CC28298008F922E /* Resources */,
			);
			buildRules = (
			);
			dependencies = (
				D25D34CC1CC28298008F922E /* PBXTargetDependency */,
			);
			name = MovieListMCVUITests;
			productName = MovieListMCVUITests;
			productReference = D25D34CA1CC28298008F922E /* MovieListMCVUITests.xctest */;
			productType = "com.apple.product-type.bundle.ui-testing";
		};
/* End PBXNativeTarget section */

/* Begin PBXProject section */
		D25D349E1CC28296008F922E /* Project object */ = {
			isa = PBXProject;
			attributes = {
				LastUpgradeCheck = 0730;
				ORGANIZATIONNAME = "Valter Abranches";
				TargetAttributes = {
					D25D34A51CC28296008F922E = {
						CreatedOnToolsVersion = 7.3;
					};
					D25D34BE1CC28298008F922E = {
						CreatedOnToolsVersion = 7.3;
						DevelopmentTeam = 3XU35YZPYQ;
						TestTargetID = D25D34A51CC28296008F922E;
					};
					D25D34C91CC28298008F922E = {
						CreatedOnToolsVersion = 7.3;
						DevelopmentTeam = 3XU35YZPYQ;
						TestTargetID = D25D34A51CC28296008F922E;
					};
				};
			};
			buildConfigurationList = D25D34A11CC28296008F922E /* Build configuration list for PBXProject "MovieListMCV" */;
			compatibilityVersion = "Xcode 3.2";
			developmentRegion = English;
			hasScannedForEncodings = 0;
			knownRegions = (
				en,
				Base,
			);
			mainGroup = D25D349D1CC28296008F922E;
			productRefGroup = D25D34A71CC28296008F922E /* Products */;
			projectDirPath = "";
			projectRoot = "";
			targets = (
				D25D34A51CC28296008F922E /* MovieListMCV */,
				D25D34BE1CC28298008F922E /* MovieListMCVTests */,
				D25D34C91CC28298008F922E /* MovieListMCVUITests */,
			);
		};
/* End PBXProject section */

/* Begin PBXResourcesBuildPhase section */
		D25D34A41CC28296008F922E /* Resources */ = {
			isa = PBXResourcesBuildPhase;
			buildActionMask = 2147483647;
			files = (
				D25D34B91CC28298008F922E /* LaunchScreen.storyboard in Resources */,
				D25D34B61CC28298008F922E /* Assets.xcassets in Resources */,
				D25D34B41CC28297008F922E /* Main.storyboard in Resources */,
			);
			runOnlyForDeploymentPostprocessing = 0;
		};
		D25D34BD1CC28298008F922E /* Resources */ = {
			isa = PBXResourcesBuildPhase;
			buildActionMask = 2147483647;
			files = (
			);
			runOnlyForDeploymentPostprocessing = 0;
		};
		D25D34C81CC28298008F922E /* Resources */ = {
			isa = PBXResourcesBuildPhase;
			buildActionMask = 2147483647;
			files = (
			);
			runOnlyForDeploymentPostprocessing = 0;
		};
/* End PBXResourcesBuildPhase section */

/* Begin PBXSourcesBuildPhase section */
		D25D34A21CC28296008F922E /* Sources */ = {
			isa = PBXSourcesBuildPhase;
			buildActionMask = 2147483647;
			files = (
				D25D34E41CC2C3DA008F922E /* ItemDetailTableViewController.m in Sources */,
				D25D34F01CC2CB56008F922E /* Movie.m in Sources */,
				D25D34AE1CC28297008F922E /* AppDelegate.m in Sources */,
				D25D34DE1CC28E84008F922E /* AddItemTableViewController.m in Sources */,
				D25D34EA1CC2C874008F922E /* Book.m in Sources */,
				D25D34AB1CC28297008F922E /* main.m in Sources */,
				D25D34ED1CC2CACC008F922E /* Series.m in Sources */,
				D25D34E71CC2C5CC008F922E /* Item.m in Sources */,
				D25D34E11CC2A8F0008F922E /* ItemListTableViewController.m in Sources */,
				D25D34F81CC2CE2D008F922E /* Library.m in Sources */,
			);
			runOnlyForDeploymentPostprocessing = 0;
		};
		D25D34BB1CC28298008F922E /* Sources */ = {
			isa = PBXSourcesBuildPhase;
			buildActionMask = 2147483647;
			files = (
				D25D34C41CC28298008F922E /* MovieListMCVTests.m in Sources */,
			);
			runOnlyForDeploymentPostprocessing = 0;
		};
		D25D34C61CC28298008F922E /* Sources */ = {
			isa = PBXSourcesBuildPhase;
			buildActionMask = 2147483647;
			files = (
				D25D34CF1CC28298008F922E /* MovieListMCVUITests.m in Sources */,
			);
			runOnlyForDeploymentPostprocessing = 0;
		};
/* End PBXSourcesBuildPhase section */

/* Begin PBXTargetDependency section */
		D25D34C11CC28298008F922E /* PBXTargetDependency */ = {
			isa = PBXTargetDependency;
			target = D25D34A51CC28296008F922E /* MovieListMCV */;
			targetProxy = D25D34C01CC28298008F922E /* PBXContainerItemProxy */;
		};
		D25D34CC1CC28298008F922E /* PBXTargetDependency */ = {
			isa = PBXTargetDependency;
			target = D25D34A51CC28296008F922E /* MovieListMCV */;
			targetProxy = D25D34CB1CC28298008F922E /* PBXContainerItemProxy */;
		};
/* End PBXTargetDependency section */

/* Begin PBXVariantGroup section */
		D25D34B21CC28297008F922E /* Main.storyboard */ = {
			isa = PBXVariantGroup;
			children = (
				D25D34B31CC28297008F922E /* Base */,
			);
			name = Main.storyboard;
			sourceTree = "<group>";
		};
		D25D34B71CC28298008F922E /* LaunchScreen.storyboard */ = {
			isa = PBXVariantGroup;
			children = (
				D25D34B81CC28298008F922E /* Base */,
			);
			name = LaunchScreen.storyboard;
			sourceTree = "<group>";
		};
/* End PBXVariantGroup section */

/* Begin XCBuildConfiguration section */
		D25D34D11CC28298008F922E /* Debug */ = {
			isa = XCBuildConfiguration;
			buildSettings = {
				ALWAYS_SEARCH_USER_PATHS = NO;
				CLANG_ANALYZER_NONNULL = YES;
				CLANG_CXX_LANGUAGE_STANDARD = "gnu++0x";
				CLANG_CXX_LIBRARY = "libc++";
				CLANG_ENABLE_MODULES = YES;
				CLANG_ENABLE_OBJC_ARC = YES;
				CLANG_WARN_BOOL_CONVERSION = YES;
				CLANG_WARN_CONSTANT_CONVERSION = YES;
				CLANG_WARN_DIRECT_OBJC_ISA_USAGE = YES_ERROR;
				CLANG_WARN_EMPTY_BODY = YES;
				CLANG_WARN_ENUM_CONVERSION = YES;
				CLANG_WARN_INT_CONVERSION = YES;
				CLANG_WARN_OBJC_ROOT_CLASS = YES_ERROR;
				CLANG_WARN_UNREACHABLE_CODE = YES;
				CLANG_WARN__DUPLICATE_METHOD_MATCH = YES;
				"CODE_SIGN_IDENTITY[sdk=iphoneos*]" = "iPhone Developer";
				COPY_PHASE_STRIP = NO;
				DEBUG_INFORMATION_FORMAT = dwarf;
				ENABLE_STRICT_OBJC_MSGSEND = YES;
				ENABLE_TESTABILITY = YES;
				GCC_C_LANGUAGE_STANDARD = gnu99;
				GCC_DYNAMIC_NO_PIC = NO;
				GCC_NO_COMMON_BLOCKS = YES;
				GCC_OPTIMIZATION_LEVEL = 0;
				GCC_PREPROCESSOR_DEFINITIONS = (
					"DEBUG=1",
					"$(inherited)",
				);
				GCC_WARN_64_TO_32_BIT_CONVERSION = YES;
				GCC_WARN_ABOUT_RETURN_TYPE = YES_ERROR;
				GCC_WARN_UNDECLARED_SELECTOR = YES;
				GCC_WARN_UNINITIALIZED_AUTOS = YES_AGGRESSIVE;
				GCC_WARN_UNUSED_FUNCTION = YES;
				GCC_WARN_UNUSED_VARIABLE = YES;
				IPHONEOS_DEPLOYMENT_TARGET = 9.3;
				MTL_ENABLE_DEBUG_INFO = YES;
				ONLY_ACTIVE_ARCH = YES;
				SDKROOT = iphoneos;
			};
			name = Debug;
		};
		D25D34D21CC28298008F922E /* Release */ = {
			isa = XCBuildConfiguration;
			buildSettings = {
				ALWAYS_SEARCH_USER_PATHS = NO;
				CLANG_ANALYZER_NONNULL = YES;
				CLANG_CXX_LANGUAGE_STANDARD = "gnu++0x";
				CLANG_CXX_LIBRARY = "libc++";
				CLANG_ENABLE_MODULES = YES;
				CLANG_ENABLE_OBJC_ARC = YES;
				CLANG_WARN_BOOL_CONVERSION = YES;
				CLANG_WARN_CONSTANT_CONVERSION = YES;
				CLANG_WARN_DIRECT_OBJC_ISA_USAGE = YES_ERROR;
				CLANG_WARN_EMPTY_BODY = YES;
				CLANG_WARN_ENUM_CONVERSION = YES;
				CLANG_WARN_INT_CONVERSION = YES;
				CLANG_WARN_OBJC_ROOT_CLASS = YES_ERROR;
				CLANG_WARN_UNREACHABLE_CODE = YES;
				CLANG_WARN__DUPLICATE_METHOD_MATCH = YES;
				"CODE_SIGN_IDENTITY[sdk=iphoneos*]" = "iPhone Developer";
				COPY_PHASE_STRIP = NO;
				DEBUG_INFORMATION_FORMAT = "dwarf-with-dsym";
				ENABLE_NS_ASSERTIONS = NO;
				ENABLE_STRICT_OBJC_MSGSEND = YES;
				GCC_C_LANGUAGE_STANDARD = gnu99;
				GCC_NO_COMMON_BLOCKS = YES;
				GCC_WARN_64_TO_32_BIT_CONVERSION = YES;
				GCC_WARN_ABOUT_RETURN_TYPE = YES_ERROR;
				GCC_WARN_UNDECLARED_SELECTOR = YES;
				GCC_WARN_UNINITIALIZED_AUTOS = YES_AGGRESSIVE;
				GCC_WARN_UNUSED_FUNCTION = YES;
				GCC_WARN_UNUSED_VARIABLE = YES;
				IPHONEOS_DEPLOYMENT_TARGET = 9.3;
				MTL_ENABLE_DEBUG_INFO = NO;
				SDKROOT = iphoneos;
				VALIDATE_PRODUCT = YES;
			};
			name = Release;
		};
		D25D34D41CC28298008F922E /* Debug */ = {
			isa = XCBuildConfiguration;
			buildSettings = {
				ASSETCATALOG_COMPILER_APPICON_NAME = AppIcon;
				CODE_SIGN_IDENTITY = "iPhone Developer";
				INFOPLIST_FILE = MovieListMCV/Info.plist;
				LD_RUNPATH_SEARCH_PATHS = "$(inherited) @executable_path/Frameworks";
				PRODUCT_BUNDLE_IDENTIFIER = VAM.MovieListMCV;
				PRODUCT_NAME = "$(TARGET_NAME)";
				TARGETED_DEVICE_FAMILY = "1,2";
			};
			name = Debug;
		};
		D25D34D51CC28298008F922E /* Release */ = {
			isa = XCBuildConfiguration;
			buildSettings = {
				ASSETCATALOG_COMPILER_APPICON_NAME = AppIcon;
				CODE_SIGN_IDENTITY = "iPhone Developer";
				INFOPLIST_FILE = MovieListMCV/Info.plist;
				LD_RUNPATH_SEARCH_PATHS = "$(inherited) @executable_path/Frameworks";
				PRODUCT_BUNDLE_IDENTIFIER = VAM.MovieListMCV;
				PRODUCT_NAME = "$(TARGET_NAME)";
				TARGETED_DEVICE_FAMILY = "1,2";
			};
			name = Release;
		};
		D25D34D71CC28298008F922E /* Debug */ = {
			isa = XCBuildConfiguration;
			buildSettings = {
				BUNDLE_LOADER = "$(TEST_HOST)";
				INFOPLIST_FILE = MovieListMCVTests/Info.plist;
				LD_RUNPATH_SEARCH_PATHS = "$(inherited) @executable_path/Frameworks @loader_path/Frameworks";
				PRODUCT_BUNDLE_IDENTIFIER = VAM.MovieListMCVTests;
				PRODUCT_NAME = "$(TARGET_NAME)";
				TEST_HOST = "$(BUILT_PRODUCTS_DIR)/MovieListMCV.app/MovieListMCV";
			};
			name = Debug;
		};
		D25D34D81CC28298008F922E /* Release */ = {
			isa = XCBuildConfiguration;
			buildSettings = {
				BUNDLE_LOADER = "$(TEST_HOST)";
				INFOPLIST_FILE = MovieListMCVTests/Info.plist;
				LD_RUNPATH_SEARCH_PATHS = "$(inherited) @executable_path/Frameworks @loader_path/Frameworks";
				PRODUCT_BUNDLE_IDENTIFIER = VAM.MovieListMCVTests;
				PRODUCT_NAME = "$(TARGET_NAME)";
				TEST_HOST = "$(BUILT_PRODUCTS_DIR)/MovieListMCV.app/MovieListMCV";
			};
			name = Release;
		};
		D25D34DA1CC28298008F922E /* Debug */ = {
			isa = XCBuildConfiguration;
			buildSettings = {
				INFOPLIST_FILE = MovieListMCVUITests/Info.plist;
				LD_RUNPATH_SEARCH_PATHS = "$(inherited) @executable_path/Frameworks @loader_path/Frameworks";
				PRODUCT_BUNDLE_IDENTIFIER = VAM.MovieListMCVUITests;
				PRODUCT_NAME = "$(TARGET_NAME)";
				TEST_TARGET_NAME = MovieListMCV;
			};
			name = Debug;
		};
		D25D34DB1CC28298008F922E /* Release */ = {
			isa = XCBuildConfiguration;
			buildSettings = {
				INFOPLIST_FILE = MovieListMCVUITests/Info.plist;
				LD_RUNPATH_SEARCH_PATHS = "$(inherited) @executable_path/Frameworks @loader_path/Frameworks";
				PRODUCT_BUNDLE_IDENTIFIER = VAM.MovieListMCVUITests;
				PRODUCT_NAME = "$(TARGET_NAME)";
				TEST_TARGET_NAME = MovieListMCV;
			};
			name = Release;
		};
/* End XCBuildConfiguration section */

/* Begin XCConfigurationList section */
		D25D34A11CC28296008F922E /* Build configuration list for PBXProject "MovieListMCV" */ = {
			isa = XCConfigurationList;
			buildConfigurations = (
				D25D34D11CC28298008F922E /* Debug */,
				D25D34D21CC28298008F922E /* Release */,
			);
			defaultConfigurationIsVisible = 0;
			defaultConfigurationName = Release;
		};
		D25D34D31CC28298008F922E /* Build configuration list for PBXNativeTarget "MovieListMCV" */ = {
			isa = XCConfigurationList;
			buildConfigurations = (
				D25D34D41CC28298008F922E /* Debug */,
				D25D34D51CC28298008F922E /* Release */,
			);
			defaultConfigurationIsVisible = 0;
		};
		D25D34D61CC28298008F922E /* Build configuration list for PBXNativeTarget "MovieListMCVTests" */ = {
			isa = XCConfigurationList;
			buildConfigurations = (
				D25D34D71CC28298008F922E /* Debug */,
				D25D34D81CC28298008F922E /* Release */,
			);
			defaultConfigurationIsVisible = 0;
		};
		D25D34D91CC28298008F922E /* Build configuration list for PBXNativeTarget "MovieListMCVUITests" */ = {
			isa = XCConfigurationList;
			buildConfigurations = (
				D25D34DA1CC28298008F922E /* Debug */,
				D25D34DB1CC28298008F922E /* Release */,
			);
			defaultConfigurationIsVisible = 0;
		};
/* End XCConfigurationList section */
	};
	rootObject = D25D349E1CC28296008F922E /* Project object */;
}
